{
  "lockfileVersion": 1,
  "configVersion": 1,
  "workspaces": {
    "": {
      "name": "loop-monorepo",
      "devDependencies": {
        "@types/bun": "latest",
        "@types/node": "^26.1.0",
        "prettier": "^3.9.4",
      },
    },
    "packages/cli": {
      "name": "@notshekhar/loop",
      "version": "0.7.10",
      "bin": {
        "loop": "./dist/cli.js",
        "lp": "./dist/cli.js",
        "agent": "./dist/cli.js",
      },
      "dependencies": {
        "@notshekhar/loop-core": "*",
        "@notshekhar/loop-tui": "*",
        "chalk": "^5.5.0",
        "croner": "^10.0.1",
        "highlight.js": "^11.11.1",
      },
    },
    "packages/core": {
      "name": "@notshekhar/loop-core",
      "version": "0.7.10",
      "dependencies": {
        "@ai-sdk/anthropic": "^4.0.4",
        "@ai-sdk/cerebras": "^3.0.0",
        "@ai-sdk/deepseek": "^3.0.0",
        "@ai-sdk/google": "^4.0.0",
        "@ai-sdk/groq": "^4.0.0",
        "@ai-sdk/mcp": "^2.0.0",
        "@ai-sdk/mistral": "^4.0.0",
        "@ai-sdk/openai": "^4.0.0",
        "@ai-sdk/xai": "^4.0.0",
        "@notshekhar/loop-sandbox": "*",
        "@openrouter/ai-sdk-provider": "6.0.0-alpha.1",
        "ai": "^7.0.0",
        "configstore": "^8.0.0",
        "diff": "^9.0.0",
        "ollama-ai-provider-v2": "^3.5.1",
        "proper-lockfile": "^4.1.2",
        "ulid": "^3.0.0",
        "zhipu-ai-provider": "^0.3.1",
        "zod": "^4.3.5",
      },
      "devDependencies": {
        "@types/configstore": "^6.0.2",
        "@types/proper-lockfile": "^4.1.4",
      },
    },
    "packages/sandbox": {
      "name": "@notshekhar/loop-sandbox",
      "version": "0.0.2",
      "dependencies": {
        "@pondwader/socks5-server": "^1.0.10",
        "shell-quote": "^1.8.1",
      },
      "devDependencies": {
        "@types/shell-quote": "^1.7.5",
      },
    },
    "packages/tui": {
      "name": "@notshekhar/loop-tui",
      "version": "0.7.10",
      "dependencies": {
        "get-east-asian-width": "^1.6.0",
        "marked": "^18.0.5",
      },
    },
  },
  "packages": {
    "@ai-sdk/anthropic": ["@ai-sdk/anthropic@4.0.4", "", { "dependencies": { "@ai-sdk/provider": "4.0.1", "@ai-sdk/provider-utils": "5.0.2" }, "peerDependencies": { "zod": "^3.25.76 || ^4.1.8" } }, "sha512-2IJ/wRm812TtjrKmKildWxx9HU1X1jWHgcstmw7rTq16INikv6yazDfzMOEhHpDWxEfNkCFKHR9hWBjA0SkeIw=="],

    "@ai-sdk/cerebras": ["@ai-sdk/cerebras@3.0.2", "", { "dependencies": { "@ai-sdk/openai-compatible": "3.0.2", "@ai-sdk/provider": "4.0.1", "@ai-sdk/provider-utils": "5.0.2" }, "peerDependencies": { "zod": "^3.25.76 || ^4.1.8" } }, "sha512-ruy5vy4Jpamofu7gC75ND7Ri/k/LhClg4+byZ9UW2gglxIyJz2765VmOahnswAFzaYif3xKmQ9cQnfT9Lzbu8g=="],

    "@ai-sdk/deepseek": ["@ai-sdk/deepseek@3.0.2", "", { "dependencies": { "@ai-sdk/provider": "4.0.1", "@ai-sdk/provider-utils": "5.0.2" }, "peerDependencies": { "zod": "^3.25.76 || ^4.1.8" } }, "sha512-0IIbl1xRRX+lI9BXpFF6e8yi7egGXMwXROuawivG/vimcBULtuFHUYlfHHTq0MzSPiG6GbCQ9C5XTFa/SA3iQA=="],

    "@ai-sdk/gateway": ["@ai-sdk/gateway@4.0.7", "", { "dependencies": { "@ai-sdk/provider": "4.0.1", "@ai-sdk/provider-utils": "5.0.2", "@vercel/oidc": "3.2.0" }, "peerDependencies": { "zod": "^3.25.76 || ^4.1.8" } }, "sha512-L0/CZwEL8AHO/Nxe5D0laNq9Q44mrKcth99tPgMNHqfsYbbNExwke4OYH18o/eLd3FLLBxs+03SuHP+Gcyp51Q=="],

    "@ai-sdk/google": ["@ai-sdk/google@4.0.4", "", { "dependencies": { "@ai-sdk/provider": "4.0.1", "@ai-sdk/provider-utils": "5.0.2" }, "peerDependencies": { "zod": "^3.25.76 || ^4.1.8" } }, "sha512-qmbnpWtOchNA803Jaw97q8vNZdD6hh1YE7ZvGvHZOfT2D9fLifFVQgF4EsowKUg41ctTW6qokfDoapONZJMy8g=="],

    "@ai-sdk/groq": ["@ai-sdk/groq@4.0.2", "", { "dependencies": { "@ai-sdk/provider": "4.0.1", "@ai-sdk/provider-utils": "5.0.2" }, "peerDependencies": { "zod": "^3.25.76 || ^4.1.8" } }, "sha512-rgCxxE0qUOJOHRtiGnZQs7qjEFf76O1BtBHVZB8Dy7rvWvQUtnSlqdOt0sPROrbc1WNq/Ara8PjoBAVMVMTT6w=="],

    "@ai-sdk/mcp": ["@ai-sdk/mcp@2.0.4", "", { "dependencies": { "@ai-sdk/provider": "4.0.1", "@ai-sdk/provider-utils": "5.0.2", "pkce-challenge": "^5.0.1" }, "peerDependencies": { "zod": "^3.25.76 || ^4.1.8" } }, "sha512-o5edIxgQrssKl/DABaXOzTUG/DUOyn25ilnnczQeLpnlSEUNXqYc3TSOZ7u6aBB+vkersQ7MXkfNMzqulR6CKw=="],

    "@ai-sdk/mistral": ["@ai-sdk/mistral@4.0.2", "", { "dependencies": { "@ai-sdk/provider": "4.0.1", "@ai-sdk/provider-utils": "5.0.2" }, "peerDependencies": { "zod": "^3.25.76 || ^4.1.8" } }, "sha512-eELLcT/b57pQtXiQUcd8Orw/Eymm28FuuzNBkxdP7+DlF6lFm/qcTZbuOcopo6Xe3d5MM2quHMQJFEDpxzJqUQ=="],

    "@ai-sdk/openai": ["@ai-sdk/openai@4.0.4", "", { "dependencies": { "@ai-sdk/provider": "4.0.1", "@ai-sdk/provider-utils": "5.0.2" }, "peerDependencies": { "zod": "^3.25.76 || ^4.1.8" } }, "sha512-p6VDEzEx52PIzRnFoUpiw6ABn07h4Rt+atL+M51W9SqwhselaZFRnz/pzv7LF9D1Gok5qfzOmR+JwvDDvDWS3w=="],

    "@ai-sdk/openai-compatible": ["@ai-sdk/openai-compatible@3.0.2", "", { "dependencies": { "@ai-sdk/provider": "4.0.1", "@ai-sdk/provider-utils": "5.0.2" }, "peerDependencies": { "zod": "^3.25.76 || ^4.1.8" } }, "sha512-C6qUMe+qSMn7HVr1a0v5H9BXYKhsT5uO4Q2VYVHYdT7johzx+d1gYgFMhkRIoheBpCl5NPhljR4I4sHMWWfz6w=="],

    "@ai-sdk/provider": ["@ai-sdk/provider@4.0.1", "", { "dependencies": { "json-schema": "^0.4.0" } }, "sha512-6p3C/vGqVIjcptBu1DnVd/BZJ2wWmV9TUv9192vT6ZvT9KNED8EwRTqyqFpoQZKgSbMDSvBSq3dqR524Nt/Crw=="],

    "@ai-sdk/provider-utils": ["@ai-sdk/provider-utils@5.0.2", "", { "dependencies": { "@ai-sdk/provider": "4.0.1", "@standard-schema/spec": "^1.1.0", "@workflow/serde": "4.1.0", "eventsource-parser": "^3.0.8" }, "peerDependencies": { "zod": "^3.25.76 || ^4.1.8" } }, "sha512-EcmdjJb7yggsZPCbS3MFBpvAUnKaPW+QvanU5GzF00XCq0bqqAmvJ3MN19ejlmOETbW8sJNiq6qam48wTcbUNw=="],

    "@ai-sdk/xai": ["@ai-sdk/xai@4.0.3", "", { "dependencies": { "@ai-sdk/openai-compatible": "3.0.2", "@ai-sdk/provider": "4.0.1", "@ai-sdk/provider-utils": "5.0.2" }, "peerDependencies": { "zod": "^3.25.76 || ^4.1.8" } }, "sha512-Ionx1KwoBYQa6zV0vhz+L4F2lZQ6LntmJPZegI92C4vPbXq3dY6GgVj1U2CVGfLoKXRBT9oill6+C7auDaMubg=="],

    "@notshekhar/loop": ["@notshekhar/loop@workspace:packages/cli"],

    "@notshekhar/loop-core": ["@notshekhar/loop-core@workspace:packages/core"],

    "@notshekhar/loop-sandbox": ["@notshekhar/loop-sandbox@workspace:packages/sandbox"],

    "@notshekhar/loop-tui": ["@notshekhar/loop-tui@workspace:packages/tui"],

    "@openrouter/ai-sdk-provider": ["@openrouter/ai-sdk-provider@6.0.0-alpha.1", "", { "dependencies": { "@ai-sdk/provider": "^3.0.0", "@ai-sdk/provider-utils": "^4.0.0", "@openrouter/sdk": "^0.3.11" }, "peerDependencies": { "zod": "^4.3.5" } }, "sha512-N91glWtq6XFl8Kvgft14BiDeCLABHatylAVKHOWMRJHnBl6iKblI4iZgcipnF9Pj8ZRUO752qpPoZVC+L2C6tA=="],

    "@openrouter/sdk": ["@openrouter/sdk@0.3.16", "", { "dependencies": { "zod": "^3.25.0 || ^4.0.0" } }, "sha512-WEBlrXdc5R8I7o2temkMV65tIRGkzg9ct4DMNZ/FHS/hiRscLRS5EpcuORnAgjzZAh9X2dSsBpgygM8T7KiNAw=="],

    "@pondwader/socks5-server": ["@pondwader/socks5-server@1.0.10", "", {}, "sha512-bQY06wzzR8D2+vVCUoBsr5QS2U6UgPUQRmErNwtsuI6vLcyRKkafjkr3KxbtGFf9aBBIV2mcvlsKD1UYaIV+sg=="],

    "@standard-schema/spec": ["@standard-schema/spec@1.1.0", "", {}, "sha512-l2aFy5jALhniG5HgqrD6jXLi/rUWrKvqN/qJx6yoJsgKhblVd+iqqU4RCXavm/jPityDo5TCvKMnpjKnOriy0w=="],

    "@types/bun": ["@types/bun@1.3.14", "", { "dependencies": { "bun-types": "1.3.14" } }, "sha512-h1hFqFVcvAvD9j9K7ZW7vd82aSA+rTdznZa+5bwvCwqSB1jmmfLcbIWhOLx1/+boy/xmjgCs/OMUL8hRJSmnPw=="],

    "@types/configstore": ["@types/configstore@6.0.2", "", {}, "sha512-OS//b51j9uyR3zvwD04Kfs5kHpve2qalQ18JhY/ho3voGYUTPLEG90/ocfKPI48hyHH8T04f7KEEbK6Ue60oZQ=="],

    "@types/node": ["@types/node@26.1.0", "", { "dependencies": { "undici-types": "~8.3.0" } }, "sha512-O0A1G3xPGy4w7AgQdAQYUlQ+BKk2Oovw8eRpofyp5KdBZULnbe+WqaOVNrm705SHphCiG4XHsACrSmPu1f+Kgw=="],

    "@types/proper-lockfile": ["@types/proper-lockfile@4.1.4", "", { "dependencies": { "@types/retry": "*" } }, "sha512-uo2ABllncSqg9F1D4nugVl9v93RmjxF6LJzQLMLDdPaXCUIDPeOJ21Gbqi43xNKzBi/WQ0Q0dICqufzQbMjipQ=="],

    "@types/retry": ["@types/retry@0.12.5", "", {}, "sha512-3xSjTp3v03X/lSQLkczaN9UIEwJMoMCA1+Nb5HfbJEQWogdeQIyVtTvxPXDQjZ5zws8rFQfVfRdz03ARihPJgw=="],

    "@types/shell-quote": ["@types/shell-quote@1.7.5", "", {}, "sha512-+UE8GAGRPbJVQDdxi16dgadcBfQ+KG2vgZhV1+3A1XmHbmwcdwhCUwIdy+d3pAGrbvgRoVSjeI9vOWyq376Yzw=="],

    "@vercel/oidc": ["@vercel/oidc@3.2.0", "", {}, "sha512-UycprH3T6n3jH0k44NHMa7pnFHGu/N05MjojYr+Mc6I7obkoLIJujSWwin1pCvdy/eOxrI/l3uDLQsmcrOb4ug=="],

    "@workflow/serde": ["@workflow/serde@4.1.0", "", {}, "sha512-pav4F2BoirECWR7Nf1TKt+2eETcBj7jj4cBefQ8VXQCA6NPkaKeLfj/zMgi+3zYV5ZIBT4GuUiphsj0/b9hPQQ=="],

    "ai": ["ai@7.0.9", "", { "dependencies": { "@ai-sdk/gateway": "4.0.7", "@ai-sdk/provider": "4.0.1", "@ai-sdk/provider-utils": "5.0.2" }, "peerDependencies": { "zod": "^3.25.76 || ^4.1.8" } }, "sha512-yoxg/ousRxSX5Ko4+/8SH4vsc8BzoQqG7ywtS04L0kLH/+Ww71c+zqdTDXNVRQteDtKFGmt8+Q82ra/NbzjYqA=="],

    "atomically": ["atomically@2.1.1", "", { "dependencies": { "stubborn-fs": "^2.0.0", "when-exit": "^2.1.4" } }, "sha512-P4w9o2dqARji6P7MHprklbfiArZAWvo07yW7qs3pdljb3BWr12FIB7W+p0zJiuiVsUpRO0iZn1kFFcpPegg0tQ=="],

    "bun-types": ["bun-types@1.3.14", "", { "dependencies": { "@types/node": "*" } }, "sha512-4N0ig0fEomHt5R0KCFWjovxow98rIoRwKolrYdCcknNwMekCXRnWEUvgu5soYV8QXtVsrUD8B95MBOZGPvr6KQ=="],

    "chalk": ["chalk@5.6.2", "", {}, "sha512-7NzBL0rN6fMUW+f7A6Io4h40qQlG+xGmtMxfbnH/K7TAtt8JQWVQK+6g0UXKMeVJoyV5EkkNsErQ8pVD3bLHbA=="],

    "configstore": ["configstore@8.0.0", "", { "dependencies": { "atomically": "^2.1.0", "dot-prop": "^10.1.0", "graceful-fs": "^4.2.11", "is-safe-filename": "^0.1.0", "xdg-basedir": "^5.1.0" } }, "sha512-U51WPZg+o6FDFhBCV6yYFEspGMCoHvCgJSGFw9AwsW2u75gYBPoDlYca5XfDs4TdMUu3/y0R6FFdvvgyH31mKQ=="],

    "croner": ["croner@10.0.1", "", {}, "sha512-ixNtAJndqh173VQ4KodSdJEI6nuioBWI0V1ITNKhZZsO0pEMoDxz539T4FTTbSZ/xIOSuDnzxLVRqBVSvPNE2g=="],

    "diff": ["diff@9.0.0", "", {}, "sha512-svtcdpS8CgJyqAjEQIXdb3OjhFVVYjzGAPO8WGCmRbrml64SPw/jJD4GoE98aR7r25A0XcgrK3F02yw9R/vhQw=="],

    "dot-prop": ["dot-prop@10.1.0", "", { "dependencies": { "type-fest": "^5.0.0" } }, "sha512-MVUtAugQMOff5RnBy2d9N31iG0lNwg1qAoAOn7pOK5wf94WIaE3My2p3uwTQuvS2AcqchkcR3bHByjaM0mmi7Q=="],

    "eventsource-parser": ["eventsource-parser@3.1.0", "", {}, "sha512-kJezFj9YFAMLeORyi7aCLxLbD5/qWMQnoMVlVPyHIll7lgRJCc3JVln9Vgl9nwQi0YkMnhdGTMNn7CkRRAptMg=="],

    "get-east-asian-width": ["get-east-asian-width@1.6.0", "", {}, "sha512-QRbvDIbx6YklUe6RxeTeleMR0yv3cYH6PsPZHcnVn7xv7zO1BHN8r0XETu8n6Ye3Q+ahtSarc3WgtNWmehIBfA=="],

    "graceful-fs": ["graceful-fs@4.2.11", "", {}, "sha512-RbJ5/jmFcNNCcDV5o9eTnBLJ/HszWV0P73bc+Ff4nS/rJj+YaS6IGyiOL0VoBYX+l1Wrl3k63h/KrH+nhJ0XvQ=="],

    "highlight.js": ["highlight.js@11.11.1", "", {}, "sha512-Xwwo44whKBVCYoliBQwaPvtd/2tYFkRQtXDWj1nackaV2JPXx3L0+Jvd8/qCJ2p+ML0/XVkJ2q+Mr+UVdpJK5w=="],

    "is-safe-filename": ["is-safe-filename@0.1.1", "", {}, "sha512-4SrR7AdnY11LHfDKTZY1u6Ga3RuxZdl3YKWWShO5iyuG5h8QS4GD2tOb04peBJ5I7pXbR+CGBNEhTcwK+FzN3g=="],

    "json-schema": ["json-schema@0.4.0", "", {}, "sha512-es94M3nTIfsEPisRafak+HDLfHXnKBhV3vU5eqPcS3flIWqcxJWgXHXiey3YrpaNsanY5ei1VoYEbOzijuq9BA=="],

    "marked": ["marked@18.0.5", "", { "bin": { "marked": "bin/marked.js" } }, "sha512-S6GcvALHg6K4ohtu4E7x0a1AqhAjp6cV8KhLSyN9qVapnzJkusVBxZRcIU9AeYsbe6P1hKDusSbEOzGyyuce6w=="],

    "ollama-ai-provider-v2": ["ollama-ai-provider-v2@3.6.0", "", { "dependencies": { "@ai-sdk/provider": "^3.0.10", "@ai-sdk/provider-utils": "^4.0.27" }, "peerDependencies": { "ai": "^5.0.0 || ^6.0.0", "zod": "^4.0.16" } }, "sha512-1Om3FVJYhBwkAr5kQ+BX1s/tdVdtVdoFQWrX4PBQHDHPISyGt24CjhtggEjUYpy5ait0YeVfZwEpIYjgD8Ih7Q=="],

    "pkce-challenge": ["pkce-challenge@5.0.1", "", {}, "sha512-wQ0b/W4Fr01qtpHlqSqspcj3EhBvimsdh0KlHhH8HRZnMsEa0ea2fTULOXOS9ccQr3om+GcGRk4e+isrZWV8qQ=="],

    "prettier": ["prettier@3.9.4", "", { "bin": { "prettier": "bin/prettier.cjs" } }, "sha512-yWG/o/4oJfo036EKAfK6ACAoDOfHeRHx4tuxkfBZiauURiaSmYwlpOr5LQqKtIkRD2z1PLteme2WoxEnj4tHTg=="],

    "proper-lockfile": ["proper-lockfile@4.1.2", "", { "dependencies": { "graceful-fs": "^4.2.4", "retry": "^0.12.0", "signal-exit": "^3.0.2" } }, "sha512-TjNPblN4BwAWMXU8s9AEz4JmQxnD1NNL7bNOY/AKUzyamc379FWASUhc/K1pL2noVb+XmZKLL68cjzLsiOAMaA=="],

    "retry": ["retry@0.12.0", "", {}, "sha512-9LkiTwjUh6rT555DtE9rTX+BKByPfrMzEAtnlEtdEwr3Nkffwiihqe2bWADg+OQRjt9gl6ICdmB/ZFDCGAtSow=="],

    "shell-quote": ["shell-quote@1.9.0", "", {}, "sha512-Iov+JwFv/2HcTpcwNMKd8+IWNb8tboQJNQTkAY/LLVK7gGH9jy+LGkVqPxfekHl+yMmiqXszdGWXgkfml7hjqA=="],

    "signal-exit": ["signal-exit@3.0.7", "", {}, "sha512-wnD2ZE+l+SPC/uoS0vXeE9L1+0wuaMqKlfz9AMUo38JsyLSBWSFcHR1Rri62LZc12vLr1gb3jl7iwQhgwpAbGQ=="],

    "stubborn-fs": ["stubborn-fs@2.0.0", "", { "dependencies": { "stubborn-utils": "^1.0.1" } }, "sha512-Y0AvSwDw8y+nlSNFXMm2g6L51rBGdAQT20J3YSOqxC53Lo3bjWRtr2BKcfYoAf352WYpsZSTURrA0tqhfgudPA=="],

    "stubborn-utils": ["stubborn-utils@1.0.2", "", {}, "sha512-zOh9jPYI+xrNOyisSelgym4tolKTJCQd5GBhK0+0xJvcYDcwlOoxF/rnFKQ2KRZknXSG9jWAp66fwP6AxN9STg=="],

    "tagged-tag": ["tagged-tag@1.0.0", "", {}, "sha512-yEFYrVhod+hdNyx7g5Bnkkb0G6si8HJurOoOEgC8B/O0uXLHlaey/65KRv6cuWBNhBgHKAROVpc7QyYqE5gFng=="],

    "type-fest": ["type-fest@5.7.0", "", { "dependencies": { "tagged-tag": "^1.0.0" } }, "sha512-1URUxUqfHFM1c+zfSPsa3gnkO7Aq21qyH75SIduNYz4SzY964rn1X2vCMQaHSHhktiw+0kPa2iyb6PUpXqB6Vg=="],

    "ulid": ["ulid@3.0.2", "", { "bin": { "ulid": "dist/cli.js" } }, "sha512-yu26mwteFYzBAot7KVMqFGCVpsF6g8wXfJzQUHvu1no3+rRRSFcSV2nKeYvNPLD2J4b08jYBDhHUjeH0ygIl9w=="],

    "undici-types": ["undici-types@8.3.0", "", {}, "sha512-j375ScV60dom+YkPFIfTLcOiPxkN/buHz5GobjLhixFuANaNs3C9l4GmrWqejgXWJ7BbJcFYpTEUkS1Ge8bpZQ=="],

    "when-exit": ["when-exit@2.1.5", "", {}, "sha512-VGkKJ564kzt6Ms1dbgPP/yuIoQCrsFAnRbptpC5wOEsDaNsbCB2bnfnaA8i/vRs5tjUSEOtIuvl9/MyVsvQZCg=="],

    "xdg-basedir": ["xdg-basedir@5.1.0", "", {}, "sha512-GCPAHLvrIH13+c0SuacwvRYj2SxJXQ4kaVTT5xgL3kPrz56XxkF21IGhjSE1+W0aw7gpBWRGXLCPnPby6lSpmQ=="],

    "zhipu-ai-provider": ["zhipu-ai-provider@0.3.1", "", { "dependencies": { "@ai-sdk/provider": "^3.0.3", "@ai-sdk/provider-utils": "^4.0.6" } }, "sha512-3BGtV1RVLXU9GXFN7QGsoNZLkpp2E4Grt9GRWNcvYOQdUF7hvgZ59JxA4zys7j0gWuEq6Qvt9TlbzMAMwIyQyw=="],

    "zod": ["zod@4.4.3", "", {}, "sha512-ytENFjIJFl2UwYglde2jchW2Hwm4GJFLDiSXWdTrJQBIN9Fcyp7n4DhxJEiWNAJMV1/BqWfW/kkg71UDcHJyTQ=="],

    "@openrouter/ai-sdk-provider/@ai-sdk/provider": ["@ai-sdk/provider@3.0.10", "", { "dependencies": { "json-schema": "^0.4.0" } }, "sha512-Q3BZ27qfpYqnCYGvE3vt+Qi6LGOF9R5Nmzn+9JoM1lCRsD9mYaIhfJLkSunN48nfGXJ6n+XNV0J/XVpqGQl7Dw=="],

    "@openrouter/ai-sdk-provider/@ai-sdk/provider-utils": ["@ai-sdk/provider-utils@4.0.30", "", { "dependencies": { "@ai-sdk/provider": "3.0.10", "@standard-schema/spec": "^1.1.0", "eventsource-parser": "^3.0.8" }, "peerDependencies": { "zod": "^3.25.76 || ^4.1.8" } }, "sha512-VO7I+vPffqI5sMnPoUq5DCSqKIgQIk/naJWRdQVpz2ma2zoprC/lqiJiUEl2s6DfvTD76TbhD3q39ROjlA6rGw=="],

    "bun-types/@types/node": ["@types/node@22.19.21", "", { "dependencies": { "undici-types": "~6.21.0" } }, "sha512-VMeFBSCKQKmm2swI2kW51SFusDqekC6q9trBCvJ/JliDchFSuoYYKN7yVNjPthP1HKZcx3U1gI/wTcEBjEFKTA=="],

    "ollama-ai-provider-v2/@ai-sdk/provider": ["@ai-sdk/provider@3.0.10", "", { "dependencies": { "json-schema": "^0.4.0" } }, "sha512-Q3BZ27qfpYqnCYGvE3vt+Qi6LGOF9R5Nmzn+9JoM1lCRsD9mYaIhfJLkSunN48nfGXJ6n+XNV0J/XVpqGQl7Dw=="],

    "ollama-ai-provider-v2/@ai-sdk/provider-utils": ["@ai-sdk/provider-utils@4.0.30", "", { "dependencies": { "@ai-sdk/provider": "3.0.10", "@standard-schema/spec": "^1.1.0", "eventsource-parser": "^3.0.8" }, "peerDependencies": { "zod": "^3.25.76 || ^4.1.8" } }, "sha512-VO7I+vPffqI5sMnPoUq5DCSqKIgQIk/naJWRdQVpz2ma2zoprC/lqiJiUEl2s6DfvTD76TbhD3q39ROjlA6rGw=="],

    "zhipu-ai-provider/@ai-sdk/provider": ["@ai-sdk/provider@3.0.10", "", { "dependencies": { "json-schema": "^0.4.0" } }, "sha512-Q3BZ27qfpYqnCYGvE3vt+Qi6LGOF9R5Nmzn+9JoM1lCRsD9mYaIhfJLkSunN48nfGXJ6n+XNV0J/XVpqGQl7Dw=="],

    "zhipu-ai-provider/@ai-sdk/provider-utils": ["@ai-sdk/provider-utils@4.0.30", "", { "dependencies": { "@ai-sdk/provider": "3.0.10", "@standard-schema/spec": "^1.1.0", "eventsource-parser": "^3.0.8" }, "peerDependencies": { "zod": "^3.25.76 || ^4.1.8" } }, "sha512-VO7I+vPffqI5sMnPoUq5DCSqKIgQIk/naJWRdQVpz2ma2zoprC/lqiJiUEl2s6DfvTD76TbhD3q39ROjlA6rGw=="],

    "bun-types/@types/node/undici-types": ["undici-types@6.21.0", "", {}, "sha512-iwDZqg0QAGrg9Rav5H4n0M64c3mkR59cJ6wQp+7C4nI0gsmExaedaYLNO44eT4AtBBwjbTiGPMlt2Md0T9H9JQ=="],
  }
}
