{
  "lockfileVersion": 1,
  "configVersion": 1,
  "workspaces": {
    "": {
      "name": "loop-monorepo",
      "devDependencies": {
        "@types/bun": "latest",
        "@types/node": "^22.10.5",
        "prettier": "^3.8.4",
      },
    },
    "packages/cli": {
      "name": "@notshekhar/loop",
      "version": "0.7.9",
      "bin": {
        "loop": "./dist/cli.js",
        "lp": "./dist/cli.js",
        "agent": "./dist/cli.js",
      },
      "dependencies": {
        "@notshekhar/loop-core": "*",
        "@notshekhar/loop-tui": "*",
        "chalk": "^5.5.0",
        "croner": "^10.0.1",
        "highlight.js": "^11.11.1",
      },
    },
    "packages/core": {
      "name": "@notshekhar/loop-core",
      "version": "0.7.9",
      "dependencies": {
        "@ai-sdk/anthropic": "^4.0.4",
        "@ai-sdk/cerebras": "^3.0.0",
        "@ai-sdk/deepseek": "^3.0.0",
        "@ai-sdk/google": "^4.0.0",
        "@ai-sdk/groq": "^4.0.0",
        "@ai-sdk/mcp": "^2.0.0",
        "@ai-sdk/mistral": "^4.0.0",
        "@ai-sdk/openai": "^4.0.0",
        "@ai-sdk/xai": "^4.0.0",
        "@notshekhar/loop-sandbox": "*",
        "@openrouter/ai-sdk-provider": "6.0.0-alpha.1",
        "ai": "^7.0.0",
        "configstore": "^7.0.0",
        "diff": "^8.0.0",
        "ollama-ai-provider-v2": "^3.5.1",
        "proper-lockfile": "^4.1.2",
        "ulid": "^3.0.0",
        "zhipu-ai-provider": "^0.3.1",
        "zod": "^4.3.5",
      },
      "devDependencies": {
        "@types/configstore": "^6.0.2",
        "@types/proper-lockfile": "^4.1.4",
      },
    },
    "packages/sandbox": {
      "name": "@notshekhar/loop-sandbox",
      "version": "0.0.2",
      "dependencies": {
        "@pondwader/socks5-server": "^1.0.10",
        "shell-quote": "^1.8.1",
      },
      "devDependencies": {
        "@types/shell-quote": "^1.7.5",
      },
    },
    "packages/tui": {
      "name": "@notshekhar/loop-tui",
      "version": "0.7.9",
      "dependencies": {
        "get-east-asian-width": "^1.6.0",
        "marked": "^15.0.12",
      },
    },
  },
  "packages": {
    "@ai-sdk/anthropic": ["@ai-sdk/anthropic@4.0.4", "", { "dependencies": { "@ai-sdk/provider": "4.0.1", "@ai-sdk/provider-utils": "5.0.2" }, "peerDependencies": { "zod": "^3.25.76 || ^4.1.8" } }, "sha512-2IJ/wRm812TtjrKmKildWxx9HU1X1jWHgcstmw7rTq16INikv6yazDfzMOEhHpDWxEfNkCFKHR9hWBjA0SkeIw=="],

    "@ai-sdk/cerebras": ["@ai-sdk/cerebras@3.0.0", "", { "dependencies": { "@ai-sdk/openai-compatible": "3.0.0", "@ai-sdk/provider": "4.0.0", "@ai-sdk/provider-utils": "5.0.0" }, "peerDependencies": { "zod": "^3.25.76 || ^4.1.8" } }, "sha512-LM4KoSI65c4R30UOib+PNvXE5z4fjA6IJzwENUCv0XFZqrRvYIiOYhiOu7mqUnLT5JQnvWY9qKqWuCqSjPEtnw=="],

    "@ai-sdk/deepseek": ["@ai-sdk/deepseek@3.0.0", "", { "dependencies": { "@ai-sdk/provider": "4.0.0", "@ai-sdk/provider-utils": "5.0.0" }, "peerDependencies": { "zod": "^3.25.76 || ^4.1.8" } }, "sha512-dR/+lmEF2AvEEiL3xphVswyGjoW2WDMaFV4yDoNY/0dvFk9MeRWceNdvNMezRNpDU6yBxqXhf8x350dCZ1Baxg=="],

    "@ai-sdk/gateway": ["@ai-sdk/gateway@4.0.0", "", { "dependencies": { "@ai-sdk/provider": "4.0.0", "@ai-sdk/provider-utils": "5.0.0", "@vercel/oidc": "3.2.0" }, "peerDependencies": { "zod": "^3.25.76 || ^4.1.8" } }, "sha512-rcKukspbM4h511ot2E8TsPl7rXjRK1zHKrMCP7w4+XF55UKqQHaDzo2kKbGv5rp8Bjb1yQatIHJZE1E2yrOOMw=="],

    "@ai-sdk/google": ["@ai-sdk/google@4.0.0", "", { "dependencies": { "@ai-sdk/provider": "4.0.0", "@ai-sdk/provider-utils": "5.0.0" }, "peerDependencies": { "zod": "^3.25.76 || ^4.1.8" } }, "sha512-UXGGmsYmeJ8VEfFenETFd2SN5tGSU+g2yrLrCuL8uqUkDFpNqV9a9MSKdshh6EXQs8e+2PUELJwqe7qQO3UnSw=="],

    "@ai-sdk/groq": ["@ai-sdk/groq@4.0.0", "", { "dependencies": { "@ai-sdk/provider": "4.0.0", "@ai-sdk/provider-utils": "5.0.0" }, "peerDependencies": { "zod": "^3.25.76 || ^4.1.8" } }, "sha512-QjhpyudO8eGi+C/kjVzSKfVFsLcuXi4smOez8njQITrV+5wZlKJ1xvoHyQom1FlgC9PsR4Ee6icGIqogoSb1Vg=="],

    "@ai-sdk/mcp": ["@ai-sdk/mcp@2.0.0", "", { "dependencies": { "@ai-sdk/provider": "4.0.0", "@ai-sdk/provider-utils": "5.0.0", "pkce-challenge": "^5.0.1" }, "peerDependencies": { "zod": "^3.25.76 || ^4.1.8" } }, "sha512-+N6gJ1AbcDk3+6asoEsdIojVmgEReKNcvWIT716pDL3AepGI6j7RJVdaRyhQLltwzTj0arwpwU4BBzvhOiCd/g=="],

    "@ai-sdk/mistral": ["@ai-sdk/mistral@4.0.0", "", { "dependencies": { "@ai-sdk/provider": "4.0.0", "@ai-sdk/provider-utils": "5.0.0" }, "peerDependencies": { "zod": "^3.25.76 || ^4.1.8" } }, "sha512-pt5Qi95ZhQWZRGvoYH4eISDVAc3OhAwENX+XyiUOMCve+GN1U4OITewBt4UAku7zFPj6Vp/dkf7PDZUZ1xYBzQ=="],

    "@ai-sdk/openai": ["@ai-sdk/openai@4.0.0", "", { "dependencies": { "@ai-sdk/provider": "4.0.0", "@ai-sdk/provider-utils": "5.0.0" }, "peerDependencies": { "zod": "^3.25.76 || ^4.1.8" } }, "sha512-XcI/bJEG+Ymx8ZwQMY9GE9waHdEcSzT6wn2o+YW80hOQPf8IAGQvdNWKaD0mxLi6AmOM0L01y/p626w7rImblQ=="],

    "@ai-sdk/openai-compatible": ["@ai-sdk/openai-compatible@3.0.0", "", { "dependencies": { "@ai-sdk/provider": "4.0.0", "@ai-sdk/provider-utils": "5.0.0" }, "peerDependencies": { "zod": "^3.25.76 || ^4.1.8" } }, "sha512-2Ln97FfBrIKTlV/F1uTfUl+Pwk76LqrfnT5+6vu2LnSNwvLdDhTP5uMfryIrxCaYvY2MZeL4ciM1UVd52k7wTQ=="],

    "@ai-sdk/provider": ["@ai-sdk/provider@4.0.1", "", { "dependencies": { "json-schema": "^0.4.0" } }, "sha512-6p3C/vGqVIjcptBu1DnVd/BZJ2wWmV9TUv9192vT6ZvT9KNED8EwRTqyqFpoQZKgSbMDSvBSq3dqR524Nt/Crw=="],

    "@ai-sdk/provider-utils": ["@ai-sdk/provider-utils@5.0.2", "", { "dependencies": { "@ai-sdk/provider": "4.0.1", "@standard-schema/spec": "^1.1.0", "@workflow/serde": "4.1.0", "eventsource-parser": "^3.0.8" }, "peerDependencies": { "zod": "^3.25.76 || ^4.1.8" } }, "sha512-EcmdjJb7yggsZPCbS3MFBpvAUnKaPW+QvanU5GzF00XCq0bqqAmvJ3MN19ejlmOETbW8sJNiq6qam48wTcbUNw=="],

    "@ai-sdk/xai": ["@ai-sdk/xai@4.0.0", "", { "dependencies": { "@ai-sdk/openai-compatible": "3.0.0", "@ai-sdk/provider": "4.0.0", "@ai-sdk/provider-utils": "5.0.0" }, "peerDependencies": { "zod": "^3.25.76 || ^4.1.8" } }, "sha512-6Ivhmdd0MVGi6/SHsA8wKDFXYElC+BVfD6YuWWwb5EO3vqCJAjF+aSxqbuseIr0adpqfNFQhn+8QQx7lxQF6Iw=="],

    "@notshekhar/loop": ["@notshekhar/loop@workspace:packages/cli"],

    "@notshekhar/loop-core": ["@notshekhar/loop-core@workspace:packages/core"],

    "@notshekhar/loop-sandbox": ["@notshekhar/loop-sandbox@workspace:packages/sandbox"],

    "@notshekhar/loop-tui": ["@notshekhar/loop-tui@workspace:packages/tui"],

    "@openrouter/ai-sdk-provider": ["@openrouter/ai-sdk-provider@6.0.0-alpha.1", "", { "dependencies": { "@ai-sdk/provider": "^3.0.0", "@ai-sdk/provider-utils": "^4.0.0", "@openrouter/sdk": "^0.3.11" }, "peerDependencies": { "zod": "^4.3.5" } }, "sha512-N91glWtq6XFl8Kvgft14BiDeCLABHatylAVKHOWMRJHnBl6iKblI4iZgcipnF9Pj8ZRUO752qpPoZVC+L2C6tA=="],

    "@openrouter/sdk": ["@openrouter/sdk@0.3.16", "", { "dependencies": { "zod": "^3.25.0 || ^4.0.0" } }, "sha512-WEBlrXdc5R8I7o2temkMV65tIRGkzg9ct4DMNZ/FHS/hiRscLRS5EpcuORnAgjzZAh9X2dSsBpgygM8T7KiNAw=="],

    "@opentelemetry/api": ["@opentelemetry/api@1.9.1", "", {}, "sha512-gLyJlPHPZYdAk1JENA9LeHejZe1Ti77/pTeFm/nMXmQH/HFZlcS/O2XJB+L8fkbrNSqhdtlvjBVjxwUYanNH5Q=="],

    "@pondwader/socks5-server": ["@pondwader/socks5-server@1.0.10", "", {}, "sha512-bQY06wzzR8D2+vVCUoBsr5QS2U6UgPUQRmErNwtsuI6vLcyRKkafjkr3KxbtGFf9aBBIV2mcvlsKD1UYaIV+sg=="],

    "@standard-schema/spec": ["@standard-schema/spec@1.1.0", "", {}, "sha512-l2aFy5jALhniG5HgqrD6jXLi/rUWrKvqN/qJx6yoJsgKhblVd+iqqU4RCXavm/jPityDo5TCvKMnpjKnOriy0w=="],

    "@types/bun": ["@types/bun@1.3.14", "", { "dependencies": { "bun-types": "1.3.14" } }, "sha512-h1hFqFVcvAvD9j9K7ZW7vd82aSA+rTdznZa+5bwvCwqSB1jmmfLcbIWhOLx1/+boy/xmjgCs/OMUL8hRJSmnPw=="],

    "@types/configstore": ["@types/configstore@6.0.2", "", {}, "sha512-OS//b51j9uyR3zvwD04Kfs5kHpve2qalQ18JhY/ho3voGYUTPLEG90/ocfKPI48hyHH8T04f7KEEbK6Ue60oZQ=="],

    "@types/node": ["@types/node@22.19.21", "", { "dependencies": { "undici-types": "~6.21.0" } }, "sha512-VMeFBSCKQKmm2swI2kW51SFusDqekC6q9trBCvJ/JliDchFSuoYYKN7yVNjPthP1HKZcx3U1gI/wTcEBjEFKTA=="],

    "@types/proper-lockfile": ["@types/proper-lockfile@4.1.4", "", { "dependencies": { "@types/retry": "*" } }, "sha512-uo2ABllncSqg9F1D4nugVl9v93RmjxF6LJzQLMLDdPaXCUIDPeOJ21Gbqi43xNKzBi/WQ0Q0dICqufzQbMjipQ=="],

    "@types/retry": ["@types/retry@0.12.5", "", {}, "sha512-3xSjTp3v03X/lSQLkczaN9UIEwJMoMCA1+Nb5HfbJEQWogdeQIyVtTvxPXDQjZ5zws8rFQfVfRdz03ARihPJgw=="],

    "@types/shell-quote": ["@types/shell-quote@1.7.5", "", {}, "sha512-+UE8GAGRPbJVQDdxi16dgadcBfQ+KG2vgZhV1+3A1XmHbmwcdwhCUwIdy+d3pAGrbvgRoVSjeI9vOWyq376Yzw=="],

    "@vercel/oidc": ["@vercel/oidc@3.2.0", "", {}, "sha512-UycprH3T6n3jH0k44NHMa7pnFHGu/N05MjojYr+Mc6I7obkoLIJujSWwin1pCvdy/eOxrI/l3uDLQsmcrOb4ug=="],

    "@workflow/serde": ["@workflow/serde@4.1.0", "", {}, "sha512-pav4F2BoirECWR7Nf1TKt+2eETcBj7jj4cBefQ8VXQCA6NPkaKeLfj/zMgi+3zYV5ZIBT4GuUiphsj0/b9hPQQ=="],

    "ai": ["ai@7.0.0", "", { "dependencies": { "@ai-sdk/gateway": "4.0.0", "@ai-sdk/provider": "4.0.0", "@ai-sdk/provider-utils": "5.0.0" }, "peerDependencies": { "zod": "^3.25.76 || ^4.1.8" } }, "sha512-hncs+jamJh8r36K6G8xky7oF4Ai/RLU5TF85FMzI2vElyMJGGnLoHihpdmuDiuY2BsktDWHevKaJM1l0VcRLGw=="],

    "atomically": ["atomically@2.1.1", "", { "dependencies": { "stubborn-fs": "^2.0.0", "when-exit": "^2.1.4" } }, "sha512-P4w9o2dqARji6P7MHprklbfiArZAWvo07yW7qs3pdljb3BWr12FIB7W+p0zJiuiVsUpRO0iZn1kFFcpPegg0tQ=="],

    "bun-types": ["bun-types@1.3.14", "", { "dependencies": { "@types/node": "*" } }, "sha512-4N0ig0fEomHt5R0KCFWjovxow98rIoRwKolrYdCcknNwMekCXRnWEUvgu5soYV8QXtVsrUD8B95MBOZGPvr6KQ=="],

    "chalk": ["chalk@5.6.2", "", {}, "sha512-7NzBL0rN6fMUW+f7A6Io4h40qQlG+xGmtMxfbnH/K7TAtt8JQWVQK+6g0UXKMeVJoyV5EkkNsErQ8pVD3bLHbA=="],

    "configstore": ["configstore@7.1.0", "", { "dependencies": { "atomically": "^2.0.3", "dot-prop": "^9.0.0", "graceful-fs": "^4.2.11", "xdg-basedir": "^5.1.0" } }, "sha512-N4oog6YJWbR9kGyXvS7jEykLDXIE2C0ILYqNBZBp9iwiJpoCBWYsuAdW6PPFn6w06jjnC+3JstVvWHO4cZqvRg=="],

    "croner": ["croner@10.0.1", "", {}, "sha512-ixNtAJndqh173VQ4KodSdJEI6nuioBWI0V1ITNKhZZsO0pEMoDxz539T4FTTbSZ/xIOSuDnzxLVRqBVSvPNE2g=="],

    "diff": ["diff@8.0.4", "", {}, "sha512-DPi0FmjiSU5EvQV0++GFDOJ9ASQUVFh5kD+OzOnYdi7n3Wpm9hWWGfB/O2blfHcMVTL5WkQXSnRiK9makhrcnw=="],

    "dot-prop": ["dot-prop@9.0.0", "", { "dependencies": { "type-fest": "^4.18.2" } }, "sha512-1gxPBJpI/pcjQhKgIU91II6Wkay+dLcN3M6rf2uwP8hRur3HtQXjVrdAK3sjC0piaEuxzMwjXChcETiJl47lAQ=="],

    "eventsource-parser": ["eventsource-parser@3.1.0", "", {}, "sha512-kJezFj9YFAMLeORyi7aCLxLbD5/qWMQnoMVlVPyHIll7lgRJCc3JVln9Vgl9nwQi0YkMnhdGTMNn7CkRRAptMg=="],

    "get-east-asian-width": ["get-east-asian-width@1.6.0", "", {}, "sha512-QRbvDIbx6YklUe6RxeTeleMR0yv3cYH6PsPZHcnVn7xv7zO1BHN8r0XETu8n6Ye3Q+ahtSarc3WgtNWmehIBfA=="],

    "graceful-fs": ["graceful-fs@4.2.11", "", {}, "sha512-RbJ5/jmFcNNCcDV5o9eTnBLJ/HszWV0P73bc+Ff4nS/rJj+YaS6IGyiOL0VoBYX+l1Wrl3k63h/KrH+nhJ0XvQ=="],

    "highlight.js": ["highlight.js@11.11.1", "", {}, "sha512-Xwwo44whKBVCYoliBQwaPvtd/2tYFkRQtXDWj1nackaV2JPXx3L0+Jvd8/qCJ2p+ML0/XVkJ2q+Mr+UVdpJK5w=="],

    "json-schema": ["json-schema@0.4.0", "", {}, "sha512-es94M3nTIfsEPisRafak+HDLfHXnKBhV3vU5eqPcS3flIWqcxJWgXHXiey3YrpaNsanY5ei1VoYEbOzijuq9BA=="],

    "marked": ["marked@15.0.12", "", { "bin": { "marked": "bin/marked.js" } }, "sha512-8dD6FusOQSrpv9Z1rdNMdlSgQOIP880DHqnohobOmYLElGEqAL/JvxvuxZO16r4HtjTlfPRDC1hbvxC9dPN2nA=="],

    "ollama-ai-provider-v2": ["ollama-ai-provider-v2@3.6.0", "", { "dependencies": { "@ai-sdk/provider": "^3.0.10", "@ai-sdk/provider-utils": "^4.0.27" }, "peerDependencies": { "ai": "^5.0.0 || ^6.0.0", "zod": "^4.0.16" } }, "sha512-1Om3FVJYhBwkAr5kQ+BX1s/tdVdtVdoFQWrX4PBQHDHPISyGt24CjhtggEjUYpy5ait0YeVfZwEpIYjgD8Ih7Q=="],

    "pkce-challenge": ["pkce-challenge@5.0.1", "", {}, "sha512-wQ0b/W4Fr01qtpHlqSqspcj3EhBvimsdh0KlHhH8HRZnMsEa0ea2fTULOXOS9ccQr3om+GcGRk4e+isrZWV8qQ=="],

    "prettier": ["prettier@3.8.4", "", { "bin": { "prettier": "bin/prettier.cjs" } }, "sha512-N2MylSdi48+5N/6S5j+maeHbUSIzzZ5uOcX5Hm4QpV8Dkb1HFjfAKTKX6yNPJQD9AhcT3ifHNB66tWTTJDi11Q=="],

    "proper-lockfile": ["proper-lockfile@4.1.2", "", { "dependencies": { "graceful-fs": "^4.2.4", "retry": "^0.12.0", "signal-exit": "^3.0.2" } }, "sha512-TjNPblN4BwAWMXU8s9AEz4JmQxnD1NNL7bNOY/AKUzyamc379FWASUhc/K1pL2noVb+XmZKLL68cjzLsiOAMaA=="],

    "retry": ["retry@0.12.0", "", {}, "sha512-9LkiTwjUh6rT555DtE9rTX+BKByPfrMzEAtnlEtdEwr3Nkffwiihqe2bWADg+OQRjt9gl6ICdmB/ZFDCGAtSow=="],

    "shell-quote": ["shell-quote@1.8.4", "", {}, "sha512-VsC6n6vz1ihYYyZZwX7YZSF5l5x36ca17OC+a69h94YqB7X6XLwf+5MOgynYir2SLFUbl8gIYvBo8K8RoNQ6bQ=="],

    "signal-exit": ["signal-exit@3.0.7", "", {}, "sha512-wnD2ZE+l+SPC/uoS0vXeE9L1+0wuaMqKlfz9AMUo38JsyLSBWSFcHR1Rri62LZc12vLr1gb3jl7iwQhgwpAbGQ=="],

    "stubborn-fs": ["stubborn-fs@2.0.0", "", { "dependencies": { "stubborn-utils": "^1.0.1" } }, "sha512-Y0AvSwDw8y+nlSNFXMm2g6L51rBGdAQT20J3YSOqxC53Lo3bjWRtr2BKcfYoAf352WYpsZSTURrA0tqhfgudPA=="],

    "stubborn-utils": ["stubborn-utils@1.0.2", "", {}, "sha512-zOh9jPYI+xrNOyisSelgym4tolKTJCQd5GBhK0+0xJvcYDcwlOoxF/rnFKQ2KRZknXSG9jWAp66fwP6AxN9STg=="],

    "type-fest": ["type-fest@4.41.0", "", {}, "sha512-TeTSQ6H5YHvpqVwBRcnLDCBnDOHWYu7IvGbHT6N8AOymcr9PJGjc1GTtiWZTYg0NCgYwvnYWEkVChQAr9bjfwA=="],

    "ulid": ["ulid@3.0.2", "", { "bin": { "ulid": "dist/cli.js" } }, "sha512-yu26mwteFYzBAot7KVMqFGCVpsF6g8wXfJzQUHvu1no3+rRRSFcSV2nKeYvNPLD2J4b08jYBDhHUjeH0ygIl9w=="],

    "undici-types": ["undici-types@6.21.0", "", {}, "sha512-iwDZqg0QAGrg9Rav5H4n0M64c3mkR59cJ6wQp+7C4nI0gsmExaedaYLNO44eT4AtBBwjbTiGPMlt2Md0T9H9JQ=="],

    "when-exit": ["when-exit@2.1.5", "", {}, "sha512-VGkKJ564kzt6Ms1dbgPP/yuIoQCrsFAnRbptpC5wOEsDaNsbCB2bnfnaA8i/vRs5tjUSEOtIuvl9/MyVsvQZCg=="],

    "xdg-basedir": ["xdg-basedir@5.1.0", "", {}, "sha512-GCPAHLvrIH13+c0SuacwvRYj2SxJXQ4kaVTT5xgL3kPrz56XxkF21IGhjSE1+W0aw7gpBWRGXLCPnPby6lSpmQ=="],

    "zhipu-ai-provider": ["zhipu-ai-provider@0.3.1", "", { "dependencies": { "@ai-sdk/provider": "^3.0.3", "@ai-sdk/provider-utils": "^4.0.6" } }, "sha512-3BGtV1RVLXU9GXFN7QGsoNZLkpp2E4Grt9GRWNcvYOQdUF7hvgZ59JxA4zys7j0gWuEq6Qvt9TlbzMAMwIyQyw=="],

    "zod": ["zod@4.4.3", "", {}, "sha512-ytENFjIJFl2UwYglde2jchW2Hwm4GJFLDiSXWdTrJQBIN9Fcyp7n4DhxJEiWNAJMV1/BqWfW/kkg71UDcHJyTQ=="],

    "@ai-sdk/cerebras/@ai-sdk/provider": ["@ai-sdk/provider@4.0.0", "", { "dependencies": { "json-schema": "^0.4.0" } }, "sha512-fr9Gs89prDWiuox/T+kCA+i2cJkHpxU5S+tr4megjTzRC27ZsvFhwjU/+XrqqMbvBUlfmXxTOYWy8ng45dsjIg=="],

    "@ai-sdk/cerebras/@ai-sdk/provider-utils": ["@ai-sdk/provider-utils@5.0.0", "", { "dependencies": { "@ai-sdk/provider": "4.0.0", "@standard-schema/spec": "^1.1.0", "@workflow/serde": "4.1.0", "eventsource-parser": "^3.0.8" }, "peerDependencies": { "zod": "^3.25.76 || ^4.1.8" } }, "sha512-zj66M02jc6ASYwIgWZowsooDUwaVngeNZQ3H10GwcPMZ+KR6gHMhcUuKl6tkai+JPXTKDyHY1pnszuxRtw2D4A=="],

    "@ai-sdk/deepseek/@ai-sdk/provider": ["@ai-sdk/provider@4.0.0", "", { "dependencies": { "json-schema": "^0.4.0" } }, "sha512-fr9Gs89prDWiuox/T+kCA+i2cJkHpxU5S+tr4megjTzRC27ZsvFhwjU/+XrqqMbvBUlfmXxTOYWy8ng45dsjIg=="],

    "@ai-sdk/deepseek/@ai-sdk/provider-utils": ["@ai-sdk/provider-utils@5.0.0", "", { "dependencies": { "@ai-sdk/provider": "4.0.0", "@standard-schema/spec": "^1.1.0", "@workflow/serde": "4.1.0", "eventsource-parser": "^3.0.8" }, "peerDependencies": { "zod": "^3.25.76 || ^4.1.8" } }, "sha512-zj66M02jc6ASYwIgWZowsooDUwaVngeNZQ3H10GwcPMZ+KR6gHMhcUuKl6tkai+JPXTKDyHY1pnszuxRtw2D4A=="],

    "@ai-sdk/gateway/@ai-sdk/provider": ["@ai-sdk/provider@4.0.0", "", { "dependencies": { "json-schema": "^0.4.0" } }, "sha512-fr9Gs89prDWiuox/T+kCA+i2cJkHpxU5S+tr4megjTzRC27ZsvFhwjU/+XrqqMbvBUlfmXxTOYWy8ng45dsjIg=="],

    "@ai-sdk/gateway/@ai-sdk/provider-utils": ["@ai-sdk/provider-utils@5.0.0", "", { "dependencies": { "@ai-sdk/provider": "4.0.0", "@standard-schema/spec": "^1.1.0", "@workflow/serde": "4.1.0", "eventsource-parser": "^3.0.8" }, "peerDependencies": { "zod": "^3.25.76 || ^4.1.8" } }, "sha512-zj66M02jc6ASYwIgWZowsooDUwaVngeNZQ3H10GwcPMZ+KR6gHMhcUuKl6tkai+JPXTKDyHY1pnszuxRtw2D4A=="],

    "@ai-sdk/google/@ai-sdk/provider": ["@ai-sdk/provider@4.0.0", "", { "dependencies": { "json-schema": "^0.4.0" } }, "sha512-fr9Gs89prDWiuox/T+kCA+i2cJkHpxU5S+tr4megjTzRC27ZsvFhwjU/+XrqqMbvBUlfmXxTOYWy8ng45dsjIg=="],

    "@ai-sdk/google/@ai-sdk/provider-utils": ["@ai-sdk/provider-utils@5.0.0", "", { "dependencies": { "@ai-sdk/provider": "4.0.0", "@standard-schema/spec": "^1.1.0", "@workflow/serde": "4.1.0", "eventsource-parser": "^3.0.8" }, "peerDependencies": { "zod": "^3.25.76 || ^4.1.8" } }, "sha512-zj66M02jc6ASYwIgWZowsooDUwaVngeNZQ3H10GwcPMZ+KR6gHMhcUuKl6tkai+JPXTKDyHY1pnszuxRtw2D4A=="],

    "@ai-sdk/groq/@ai-sdk/provider": ["@ai-sdk/provider@4.0.0", "", { "dependencies": { "json-schema": "^0.4.0" } }, "sha512-fr9Gs89prDWiuox/T+kCA+i2cJkHpxU5S+tr4megjTzRC27ZsvFhwjU/+XrqqMbvBUlfmXxTOYWy8ng45dsjIg=="],

    "@ai-sdk/groq/@ai-sdk/provider-utils": ["@ai-sdk/provider-utils@5.0.0", "", { "dependencies": { "@ai-sdk/provider": "4.0.0", "@standard-schema/spec": "^1.1.0", "@workflow/serde": "4.1.0", "eventsource-parser": "^3.0.8" }, "peerDependencies": { "zod": "^3.25.76 || ^4.1.8" } }, "sha512-zj66M02jc6ASYwIgWZowsooDUwaVngeNZQ3H10GwcPMZ+KR6gHMhcUuKl6tkai+JPXTKDyHY1pnszuxRtw2D4A=="],

    "@ai-sdk/mcp/@ai-sdk/provider": ["@ai-sdk/provider@4.0.0", "", { "dependencies": { "json-schema": "^0.4.0" } }, "sha512-fr9Gs89prDWiuox/T+kCA+i2cJkHpxU5S+tr4megjTzRC27ZsvFhwjU/+XrqqMbvBUlfmXxTOYWy8ng45dsjIg=="],

    "@ai-sdk/mcp/@ai-sdk/provider-utils": ["@ai-sdk/provider-utils@5.0.0", "", { "dependencies": { "@ai-sdk/provider": "4.0.0", "@standard-schema/spec": "^1.1.0", "@workflow/serde": "4.1.0", "eventsource-parser": "^3.0.8" }, "peerDependencies": { "zod": "^3.25.76 || ^4.1.8" } }, "sha512-zj66M02jc6ASYwIgWZowsooDUwaVngeNZQ3H10GwcPMZ+KR6gHMhcUuKl6tkai+JPXTKDyHY1pnszuxRtw2D4A=="],

    "@ai-sdk/mistral/@ai-sdk/provider": ["@ai-sdk/provider@4.0.0", "", { "dependencies": { "json-schema": "^0.4.0" } }, "sha512-fr9Gs89prDWiuox/T+kCA+i2cJkHpxU5S+tr4megjTzRC27ZsvFhwjU/+XrqqMbvBUlfmXxTOYWy8ng45dsjIg=="],

    "@ai-sdk/mistral/@ai-sdk/provider-utils": ["@ai-sdk/provider-utils@5.0.0", "", { "dependencies": { "@ai-sdk/provider": "4.0.0", "@standard-schema/spec": "^1.1.0", "@workflow/serde": "4.1.0", "eventsource-parser": "^3.0.8" }, "peerDependencies": { "zod": "^3.25.76 || ^4.1.8" } }, "sha512-zj66M02jc6ASYwIgWZowsooDUwaVngeNZQ3H10GwcPMZ+KR6gHMhcUuKl6tkai+JPXTKDyHY1pnszuxRtw2D4A=="],

    "@ai-sdk/openai/@ai-sdk/provider": ["@ai-sdk/provider@4.0.0", "", { "dependencies": { "json-schema": "^0.4.0" } }, "sha512-fr9Gs89prDWiuox/T+kCA+i2cJkHpxU5S+tr4megjTzRC27ZsvFhwjU/+XrqqMbvBUlfmXxTOYWy8ng45dsjIg=="],

    "@ai-sdk/openai/@ai-sdk/provider-utils": ["@ai-sdk/provider-utils@5.0.0", "", { "dependencies": { "@ai-sdk/provider": "4.0.0", "@standard-schema/spec": "^1.1.0", "@workflow/serde": "4.1.0", "eventsource-parser": "^3.0.8" }, "peerDependencies": { "zod": "^3.25.76 || ^4.1.8" } }, "sha512-zj66M02jc6ASYwIgWZowsooDUwaVngeNZQ3H10GwcPMZ+KR6gHMhcUuKl6tkai+JPXTKDyHY1pnszuxRtw2D4A=="],

    "@ai-sdk/openai-compatible/@ai-sdk/provider": ["@ai-sdk/provider@4.0.0", "", { "dependencies": { "json-schema": "^0.4.0" } }, "sha512-fr9Gs89prDWiuox/T+kCA+i2cJkHpxU5S+tr4megjTzRC27ZsvFhwjU/+XrqqMbvBUlfmXxTOYWy8ng45dsjIg=="],

    "@ai-sdk/openai-compatible/@ai-sdk/provider-utils": ["@ai-sdk/provider-utils@5.0.0", "", { "dependencies": { "@ai-sdk/provider": "4.0.0", "@standard-schema/spec": "^1.1.0", "@workflow/serde": "4.1.0", "eventsource-parser": "^3.0.8" }, "peerDependencies": { "zod": "^3.25.76 || ^4.1.8" } }, "sha512-zj66M02jc6ASYwIgWZowsooDUwaVngeNZQ3H10GwcPMZ+KR6gHMhcUuKl6tkai+JPXTKDyHY1pnszuxRtw2D4A=="],

    "@ai-sdk/xai/@ai-sdk/provider": ["@ai-sdk/provider@4.0.0", "", { "dependencies": { "json-schema": "^0.4.0" } }, "sha512-fr9Gs89prDWiuox/T+kCA+i2cJkHpxU5S+tr4megjTzRC27ZsvFhwjU/+XrqqMbvBUlfmXxTOYWy8ng45dsjIg=="],

    "@ai-sdk/xai/@ai-sdk/provider-utils": ["@ai-sdk/provider-utils@5.0.0", "", { "dependencies": { "@ai-sdk/provider": "4.0.0", "@standard-schema/spec": "^1.1.0", "@workflow/serde": "4.1.0", "eventsource-parser": "^3.0.8" }, "peerDependencies": { "zod": "^3.25.76 || ^4.1.8" } }, "sha512-zj66M02jc6ASYwIgWZowsooDUwaVngeNZQ3H10GwcPMZ+KR6gHMhcUuKl6tkai+JPXTKDyHY1pnszuxRtw2D4A=="],

    "@openrouter/ai-sdk-provider/@ai-sdk/provider": ["@ai-sdk/provider@3.0.10", "", { "dependencies": { "json-schema": "^0.4.0" } }, "sha512-Q3BZ27qfpYqnCYGvE3vt+Qi6LGOF9R5Nmzn+9JoM1lCRsD9mYaIhfJLkSunN48nfGXJ6n+XNV0J/XVpqGQl7Dw=="],

    "@openrouter/ai-sdk-provider/@ai-sdk/provider-utils": ["@ai-sdk/provider-utils@4.0.30", "", { "dependencies": { "@ai-sdk/provider": "3.0.10", "@standard-schema/spec": "^1.1.0", "eventsource-parser": "^3.0.8" }, "peerDependencies": { "zod": "^3.25.76 || ^4.1.8" } }, "sha512-VO7I+vPffqI5sMnPoUq5DCSqKIgQIk/naJWRdQVpz2ma2zoprC/lqiJiUEl2s6DfvTD76TbhD3q39ROjlA6rGw=="],

    "ai/@ai-sdk/provider": ["@ai-sdk/provider@4.0.0", "", { "dependencies": { "json-schema": "^0.4.0" } }, "sha512-fr9Gs89prDWiuox/T+kCA+i2cJkHpxU5S+tr4megjTzRC27ZsvFhwjU/+XrqqMbvBUlfmXxTOYWy8ng45dsjIg=="],

    "ai/@ai-sdk/provider-utils": ["@ai-sdk/provider-utils@5.0.0", "", { "dependencies": { "@ai-sdk/provider": "4.0.0", "@standard-schema/spec": "^1.1.0", "@workflow/serde": "4.1.0", "eventsource-parser": "^3.0.8" }, "peerDependencies": { "zod": "^3.25.76 || ^4.1.8" } }, "sha512-zj66M02jc6ASYwIgWZowsooDUwaVngeNZQ3H10GwcPMZ+KR6gHMhcUuKl6tkai+JPXTKDyHY1pnszuxRtw2D4A=="],

    "ollama-ai-provider-v2/@ai-sdk/provider": ["@ai-sdk/provider@3.0.10", "", { "dependencies": { "json-schema": "^0.4.0" } }, "sha512-Q3BZ27qfpYqnCYGvE3vt+Qi6LGOF9R5Nmzn+9JoM1lCRsD9mYaIhfJLkSunN48nfGXJ6n+XNV0J/XVpqGQl7Dw=="],

    "ollama-ai-provider-v2/@ai-sdk/provider-utils": ["@ai-sdk/provider-utils@4.0.30", "", { "dependencies": { "@ai-sdk/provider": "3.0.10", "@standard-schema/spec": "^1.1.0", "eventsource-parser": "^3.0.8" }, "peerDependencies": { "zod": "^3.25.76 || ^4.1.8" } }, "sha512-VO7I+vPffqI5sMnPoUq5DCSqKIgQIk/naJWRdQVpz2ma2zoprC/lqiJiUEl2s6DfvTD76TbhD3q39ROjlA6rGw=="],

    "ollama-ai-provider-v2/ai": ["ai@6.0.208", "", { "dependencies": { "@ai-sdk/gateway": "3.0.133", "@ai-sdk/provider": "3.0.10", "@ai-sdk/provider-utils": "4.0.30", "@opentelemetry/api": "^1.9.0" }, "peerDependencies": { "zod": "^3.25.76 || ^4.1.8" } }, "sha512-STz+AaZqJ4ZjH7UkpXkbHx+bjgIDOsE8fIUoZjkZ2whoZcfVmG9K/TqEKouJZ03SuZuD7lagntlU3zBhAEkRpQ=="],

    "zhipu-ai-provider/@ai-sdk/provider": ["@ai-sdk/provider@3.0.10", "", { "dependencies": { "json-schema": "^0.4.0" } }, "sha512-Q3BZ27qfpYqnCYGvE3vt+Qi6LGOF9R5Nmzn+9JoM1lCRsD9mYaIhfJLkSunN48nfGXJ6n+XNV0J/XVpqGQl7Dw=="],

    "zhipu-ai-provider/@ai-sdk/provider-utils": ["@ai-sdk/provider-utils@4.0.30", "", { "dependencies": { "@ai-sdk/provider": "3.0.10", "@standard-schema/spec": "^1.1.0", "eventsource-parser": "^3.0.8" }, "peerDependencies": { "zod": "^3.25.76 || ^4.1.8" } }, "sha512-VO7I+vPffqI5sMnPoUq5DCSqKIgQIk/naJWRdQVpz2ma2zoprC/lqiJiUEl2s6DfvTD76TbhD3q39ROjlA6rGw=="],

    "ollama-ai-provider-v2/ai/@ai-sdk/gateway": ["@ai-sdk/gateway@3.0.133", "", { "dependencies": { "@ai-sdk/provider": "3.0.10", "@ai-sdk/provider-utils": "4.0.30", "@vercel/oidc": "3.2.0" }, "peerDependencies": { "zod": "^3.25.76 || ^4.1.8" } }, "sha512-Ebs+7iS9zUgJu5B0RlxM2JmDWzq79Cpd6YdiqcCzB5qFdpfQJPUDiXutqlQP89F2XGjOdDeidulBTXUdXWzOxw=="],
  }
}
